
Microsoft Visual Studio Solution File, Format Version 12.00
# Visual Studio Version 16
VisualStudioVersion = 16.0.30011.22
MinimumVisualStudioVersion = 10.0.40219.1
Project("{FAE04EC0-301F-11D3-BF4B-00C04F79EFBC}") = "Week2Assignment", "Week2Assignment\Week2Assignment.csproj", "{32CA1E2A-C586-4EF5-AC13-05E2658FBFDE}"
EndProject
Project("{2150E333-8FDC-42A3-9474-1A3956D46DE8}") = "Test", "Test", "{A6A1BF7A-7EE6-4B69-A0EF-E9C75D4914D4}"
EndProject
Project("{FAE04EC0-301F-11D3-BF4B-00C04F79EFBC}") = "Week2AssignmentTest", "Week2AssignmentTest\Week2AssignmentTest.csproj", "{97E745C9-4855-49F6-8819-37A4F598041F}"
EndProject
Project("{FAE04EC0-301F-11D3-BF4B-00C04F79EFBC}") = "Week3Assignment", "Week3Assignment\Week3Assignment.csproj", "{9BAF8475-C1BD-4205-8360-295E607CCF53}"
EndProject
Project("{FAE04EC0-301F-11D3-BF4B-00C04F79EFBC}") = "Assignment.Common", "Assignment.Common\Assignment.Common.csproj", "{5D5F5796-6280-4C33-9F53-EB44F6B03393}"
EndProject
Project("{FAE04EC0-301F-11D3-BF4B-00C04F79EFBC}") = "Week3AssignmentTest", "Week3AssignmentTest\Week3AssignmentTest.csproj", "{A83A2AA6-7226-4266-A6F4-E79A7275AA40}"
EndProject
Project("{FAE04EC0-301F-11D3-BF4B-00C04F79EFBC}") = "Week4Assignment", "Week4Assignment\Week4Assignment.csproj", "{0BF4E2AE-A903-4278-B857-1051CEC45DD8}"
EndProject
Project("{FAE04EC0-301F-11D3-BF4B-00C04F79EFBC}") = "Week4AssignmentTest", "Week4AssignmentTest\Week4AssignmentTest.csproj", "{0D2E1217-84E9-4F7B-9DD3-4327C7C75435}"
EndProject
Project("{FAE04EC0-301F-11D3-BF4B-00C04F79EFBC}") = "Week5Assignment", "Week5Assignment\Week5Assignment.csproj", "{D7A313E9-0EB1-41A5-961E-4B96B4F1936B}"
EndProject
Project("{FAE04EC0-301F-11D3-BF4B-00C04F79EFBC}") = "Week5AssignmentTest", "Week5AssignmentTest\Week5AssignmentTest.csproj", "{1D1EE0DB-D4FC-457F-97DE-FDE1CFE0F918}"
EndProject
Project("{FAE04EC0-301F-11D3-BF4B-00C04F79EFBC}") = "Week6Assignment", "Week6Assignment\Week6Assignment.csproj", "{01E46674-3BA8-4CB4-8B5A-E05747EA0E78}"
EndProject
Global
	GlobalSection(SolutionConfigurationPlatforms) = preSolution
		Debug|Any CPU = Debug|Any CPU
		Release|Any CPU = Release|Any CPU
	EndGlobalSection
	GlobalSection(ProjectConfigurationPlatforms) = postSolution
		{32CA1E2A-C586-4EF5-AC13-05E2658FBFDE}.Debug|Any CPU.ActiveCfg = Debug|Any CPU
		{32CA1E2A-C586-4EF5-AC13-05E2658FBFDE}.Debug|Any CPU.Build.0 = Debug|Any CPU
		{32CA1E2A-C586-4EF5-AC13-05E2658FBFDE}.Release|Any CPU.ActiveCfg = Release|Any CPU
		{32CA1E2A-C586-4EF5-AC13-05E2658FBFDE}.Release|Any CPU.Build.0 = Release|Any CPU
		{97E745C9-4855-49F6-8819-37A4F598041F}.Debug|Any CPU.ActiveCfg = Debug|Any CPU
		{97E745C9-4855-49F6-8819-37A4F598041F}.Debug|Any CPU.Build.0 = Debug|Any CPU
		{97E745C9-4855-49F6-8819-37A4F598041F}.Release|Any CPU.ActiveCfg = Release|Any CPU
		{97E745C9-4855-49F6-8819-37A4F598041F}.Release|Any CPU.Build.0 = Release|Any CPU
		{9BAF8475-C1BD-4205-8360-295E607CCF53}.Debug|Any CPU.ActiveCfg = Debug|Any CPU
		{9BAF8475-C1BD-4205-8360-295E607CCF53}.Debug|Any CPU.Build.0 = Debug|Any CPU
		{9BAF8475-C1BD-4205-8360-295E607CCF53}.Release|Any CPU.ActiveCfg = Release|Any CPU
		{9BAF8475-C1BD-4205-8360-295E607CCF53}.Release|Any CPU.Build.0 = Release|Any CPU
		{5D5F5796-6280-4C33-9F53-EB44F6B03393}.Debug|Any CPU.ActiveCfg = Debug|Any CPU
		{5D5F5796-6280-4C33-9F53-EB44F6B03393}.Debug|Any CPU.Build.0 = Debug|Any CPU
		{5D5F5796-6280-4C33-9F53-EB44F6B03393}.Release|Any CPU.ActiveCfg = Release|Any CPU
		{5D5F5796-6280-4C33-9F53-EB44F6B03393}.Release|Any CPU.Build.0 = Release|Any CPU
		{A83A2AA6-7226-4266-A6F4-E79A7275AA40}.Debug|Any CPU.ActiveCfg = Debug|Any CPU
		{A83A2AA6-7226-4266-A6F4-E79A7275AA40}.Debug|Any CPU.Build.0 = Debug|Any CPU
		{A83A2AA6-7226-4266-A6F4-E79A7275AA40}.Release|Any CPU.ActiveCfg = Release|Any CPU
		{A83A2AA6-7226-4266-A6F4-E79A7275AA40}.Release|Any CPU.Build.0 = Release|Any CPU
		{0BF4E2AE-A903-4278-B857-1051CEC45DD8}.Debug|Any CPU.ActiveCfg = Debug|Any CPU
		{0BF4E2AE-A903-4278-B857-1051CEC45DD8}.Debug|Any CPU.Build.0 = Debug|Any CPU
		{0BF4E2AE-A903-4278-B857-1051CEC45DD8}.Release|Any CPU.ActiveCfg = Release|Any CPU
		{0BF4E2AE-A903-4278-B857-1051CEC45DD8}.Release|Any CPU.Build.0 = Release|Any CPU
		{0D2E1217-84E9-4F7B-9DD3-4327C7C75435}.Debug|Any CPU.ActiveCfg = Debug|Any CPU
		{0D2E1217-84E9-4F7B-9DD3-4327C7C75435}.Debug|Any CPU.Build.0 = Debug|Any CPU
		{0D2E1217-84E9-4F7B-9DD3-4327C7C75435}.Release|Any CPU.ActiveCfg = Release|Any CPU
		{0D2E1217-84E9-4F7B-9DD3-4327C7C75435}.Release|Any CPU.Build.0 = Release|Any CPU
		{D7A313E9-0EB1-41A5-961E-4B96B4F1936B}.Debug|Any CPU.ActiveCfg = Debug|Any CPU
		{D7A313E9-0EB1-41A5-961E-4B96B4F1936B}.Debug|Any CPU.Build.0 = Debug|Any CPU
		{D7A313E9-0EB1-41A5-961E-4B96B4F1936B}.Release|Any CPU.ActiveCfg = Release|Any CPU
		{D7A313E9-0EB1-41A5-961E-4B96B4F1936B}.Release|Any CPU.Build.0 = Release|Any CPU
		{1D1EE0DB-D4FC-457F-97DE-FDE1CFE0F918}.Debug|Any CPU.ActiveCfg = Debug|Any CPU
		{1D1EE0DB-D4FC-457F-97DE-FDE1CFE0F918}.Debug|Any CPU.Build.0 = Debug|Any CPU
		{1D1EE0DB-D4FC-457F-97DE-FDE1CFE0F918}.Release|Any CPU.ActiveCfg = Release|Any CPU
		{1D1EE0DB-D4FC-457F-97DE-FDE1CFE0F918}.Release|Any CPU.Build.0 = Release|Any CPU
		{01E46674-3BA8-4CB4-8B5A-E05747EA0E78}.Debug|Any CPU.ActiveCfg = Debug|Any CPU
		{01E46674-3BA8-4CB4-8B5A-E05747EA0E78}.Debug|Any CPU.Build.0 = Debug|Any CPU
		{01E46674-3BA8-4CB4-8B5A-E05747EA0E78}.Release|Any CPU.ActiveCfg = Release|Any CPU
		{01E46674-3BA8-4CB4-8B5A-E05747EA0E78}.Release|Any CPU.Build.0 = Release|Any CPU
	EndGlobalSection
	GlobalSection(SolutionProperties) = preSolution
		HideSolutionNode = FALSE
	EndGlobalSection
	GlobalSection(NestedProjects) = preSolution
		{97E745C9-4855-49F6-8819-37A4F598041F} = {A6A1BF7A-7EE6-4B69-A0EF-E9C75D4914D4}
		{A83A2AA6-7226-4266-A6F4-E79A7275AA40} = {A6A1BF7A-7EE6-4B69-A0EF-E9C75D4914D4}
		{0D2E1217-84E9-4F7B-9DD3-4327C7C75435} = {A6A1BF7A-7EE6-4B69-A0EF-E9C75D4914D4}
		{1D1EE0DB-D4FC-457F-97DE-FDE1CFE0F918} = {A6A1BF7A-7EE6-4B69-A0EF-E9C75D4914D4}
	EndGlobalSection
	GlobalSection(ExtensibilityGlobals) = postSolution
		SolutionGuid = {92C409AD-71DA-4995-A5B6-D0D91AF277F4}
	EndGlobalSection
EndGlobal
